// !$*UTF8*$!
{
	archiveVersion = 1;
	classes = {
	};
	objectVersion = 46;
	objects = {

/* Begin PBXBuildFile section */
		610860741BE69B1600E48860 /* AppDelegate.swift in Sources */ = {isa = PBXBuildFile; fileRef = 610860731BE69B1600E48860 /* AppDelegate.swift */; };
		610860761BE69B1600E48860 /* ViewController.swift in Sources */ = {isa = PBXBuildFile; fileRef = 610860751BE69B1600E48860 /* ViewController.swift */; };
		610860791BE69B1600E48860 /* Main.storyboard in Resources */ = {isa = PBXBuildFile; fileRef = 610860771BE69B1600E48860 /* Main.storyboard */; };
		6108607C1BE69B1600E48860 /* Shuffle_it.xcdatamodeld in Sources */ = {isa = PBXBuildFile; fileRef = 6108607A1BE69B1600E48860 /* Shuffle_it.xcdatamodeld */; };
		6108607E1BE69B1600E48860 /* Assets.xcassets in Resources */ = {isa = PBXBuildFile; fileRef = 6108607D1BE69B1600E48860 /* Assets.xcassets */; };
		610860811BE69B1600E48860 /* LaunchScreen.storyboard in Resources */ = {isa = PBXBuildFile; fileRef = 6108607F1BE69B1600E48860 /* LaunchScreen.storyboard */; };
		6108608C1BE69B1600E48860 /* Shuffle_itTests.swift in Sources */ = {isa = PBXBuildFile; fileRef = 6108608B1BE69B1600E48860 /* Shuffle_itTests.swift */; };
		610860971BE69B1600E48860 /* Shuffle_itUITests.swift in Sources */ = {isa = PBXBuildFile; fileRef = 610860961BE69B1600E48860 /* Shuffle_itUITests.swift */; };
/* End PBXBuildFile section */

/* Begin PBXContainerItemProxy section */
		610860881BE69B1600E48860 /* PBXContainerItemProxy */ = {
			isa = PBXContainerItemProxy;
			containerPortal = 610860681BE69B1600E48860 /* Project object */;
			proxyType = 1;
			remoteGlobalIDString = 6108606F1BE69B1600E48860;
			remoteInfo = "Shuffle-it";
		};
		610860931BE69B1600E48860 /* PBXContainerItemProxy */ = {
			isa = PBXContainerItemProxy;
			containerPortal = 610860681BE69B1600E48860 /* Project object */;
			proxyType = 1;
			remoteGlobalIDString = 6108606F1BE69B1600E48860;
			remoteInfo = "Shuffle-it";
		};
/* End PBXContainerItemProxy section */

/* Begin PBXFileReference section */
		610860701BE69B1600E48860 /* Shuffle-it.app */ = {isa = PBXFileReference; explicitFileType = wrapper.application; includeInIndex = 0; path = "Shuffle-it.app"; sourceTree = BUILT_PRODUCTS_DIR; };
		610860731BE69B1600E48860 /* AppDelegate.swift */ = {isa = PBXFileReference; lastKnownFileType = sourcecode.swift; path = AppDelegate.swift; sourceTree = "<group>"; };
		610860751BE69B1600E48860 /* ViewController.swift */ = {isa = PBXFileReference; lastKnownFileType = sourcecode.swift; path = ViewController.swift; sourceTree = "<group>"; };
		610860781BE69B1600E48860 /* Base */ = {isa = PBXFileReference; lastKnownFileType = file.storyboard; name = Base; path = Base.lproj/Main.storyboard; sourceTree = "<group>"; };
		6108607B1BE69B1600E48860 /* Shuffle_it.xcdatamodel */ = {isa = PBXFileReference; lastKnownFileType = wrapper.xcdatamodel; path = Shuffle_it.xcdatamodel; sourceTree = "<group>"; };
		6108607D1BE69B1600E48860 /* Assets.xcassets */ = {isa = PBXFileReference; lastKnownFileType = folder.assetcatalog; path = Assets.xcassets; sourceTree = "<group>"; };
		610860801BE69B1600E48860 /* Base */ = {isa = PBXFileReference; lastKnownFileType = file.storyboard; name = Base; path = Base.lproj/LaunchScreen.storyboard; sourceTree = "<group>"; };
		610860821BE69B1600E48860 /* Info.plist */ = {isa = PBXFileReference; lastKnownFileType = text.plist.xml; path = Info.plist; sourceTree = "<group>"; };
		610860871BE69B1600E48860 /* Shuffle-itTests.xctest */ = {isa = PBXFileReference; explicitFileType = wrapper.cfbundle; includeInIndex = 0; path = "Shuffle-itTests.xctest"; sourceTree = BUILT_PRODUCTS_DIR; };
		6108608B1BE69B1600E48860 /* Shuffle_itTests.swift */ = {isa = PBXFileReference; lastKnownFileType = sourcecode.swift; path = Shuffle_itTests.swift; sourceTree = "<group>"; };
		6108608D1BE69B1600E48860 /* Info.plist */ = {isa = PBXFileReference; lastKnownFileType = text.plist.xml; path = Info.plist; sourceTree = "<group>"; };
		610860921BE69B1600E48860 /* Shuffle-itUITests.xctest */ = {isa = PBXFileReference; explicitFileType = wrapper.cfbundle; includeInIndex = 0; path = "Shuffle-itUITests.xctest"; sourceTree = BUILT_PRODUCTS_DIR; };
		610860961BE69B1600E48860 /* Shuffle_itUITests.swift */ = {isa = PBXFileReference; lastKnownFileType = sourcecode.swift; path = Shuffle_itUITests.swift; sourceTree = "<group>"; };
		610860981BE69B1600E48860 /* Info.plist */ = {isa = PBXFileReference; lastKnownFileType = text.plist.xml; path = Info.plist; sourceTree = "<group>"; };
/* End PBXFileReference section */

/* Begin PBXFrameworksBuildPhase section */
		6108606D1BE69B1600E48860 /* Frameworks */ = {
			isa = PBXFrameworksBuildPhase;
			buildActionMask = 2147483647;
			files = (
			);
			runOnlyForDeploymentPostprocessing = 0;
		};
		610860841BE69B1600E48860 /* Frameworks */ = {
			isa = PBXFrameworksBuildPhase;
			buildActionMask = 2147483647;
			files = (
			);
			runOnlyForDeploymentPostprocessing = 0;
		};
		6108608F1BE69B1600E48860 /* Frameworks */ = {
			isa = PBXFrameworksBuildPhase;
			buildActionMask = 2147483647;
			files = (
			);
			runOnlyForDeploymentPostprocessing = 0;
		};
/* End PBXFrameworksBuildPhase section */

/* Begin PBXGroup section */
		610860671BE69B1600E48860 = {
			isa = PBXGroup;
			children = (
				610860721BE69B1600E48860 /* Shuffle-it */,
				6108608A1BE69B1600E48860 /* Shuffle-itTests */,
				610860951BE69B1600E48860 /* Shuffle-itUITests */,
				610860711BE69B1600E48860 /* Products */,
			);
			sourceTree = "<group>";
		};
		610860711BE69B1600E48860 /* Products */ = {
			isa = PBXGroup;
			children = (
				610860701BE69B1600E48860 /* Shuffle-it.app */,
				610860871BE69B1600E48860 /* Shuffle-itTests.xctest */,
				610860921BE69B1600E48860 /* Shuffle-itUITests.xctest */,
			);
			name = Products;
			sourceTree = "<group>";
		};
		610860721BE69B1600E48860 /* Shuffle-it */ = {
			isa = PBXGroup;
			children = (
				610860731BE69B1600E48860 /* AppDelegate.swift */,
				610860751BE69B1600E48860 /* ViewController.swift */,
				610860771BE69B1600E48860 /* Main.storyboard */,
				6108607D1BE69B1600E48860 /* Assets.xcassets */,
				6108607F1BE69B1600E48860 /* LaunchScreen.storyboard */,
				610860821BE69B1600E48860 /* Info.plist */,
				6108607A1BE69B1600E48860 /* Shuffle_it.xcdatamodeld */,
			);
			path = "Shuffle-it";
			sourceTree = "<group>";
		};
		6108608A1BE69B1600E48860 /* Shuffle-itTests */ = {
			isa = PBXGroup;
			children = (
				6108608B1BE69B1600E48860 /* Shuffle_itTests.swift */,
				6108608D1BE69B1600E48860 /* Info.plist */,
			);
			path = "Shuffle-itTests";
			sourceTree = "<group>";
		};
		610860951BE69B1600E48860 /* Shuffle-itUITests */ = {
			isa = PBXGroup;
			children = (
				610860961BE69B1600E48860 /* Shuffle_itUITests.swift */,
				610860981BE69B1600E48860 /* Info.plist */,
			);
			path = "Shuffle-itUITests";
			sourceTree = "<group>";
		};
/* End PBXGroup section */

/* Begin PBXNativeTarget section */
		6108606F1BE69B1600E48860 /* Shuffle-it */ = {
			isa = PBXNativeTarget;
			buildConfigurationList = 6108609B1BE69B1600E48860 /* Build configuration list for PBXNativeTarget "Shuffle-it" */;
			buildPhases = (
				6108606C1BE69B1600E48860 /* Sources */,
				6108606D1BE69B1600E48860 /* Frameworks */,
				6108606E1BE69B1600E48860 /* Resources */,
			);
			buildRules = (
			);
			dependencies = (
			);
			name = "Shuffle-it";
			productName = "Shuffle-it";
			productReference = 610860701BE69B1600E48860 /* Shuffle-it.app */;
			productType = "com.apple.product-type.application";
		};
		610860861BE69B1600E48860 /* Shuffle-itTests */ = {
			isa = PBXNativeTarget;
			buildConfigurationList = 6108609E1BE69B1600E48860 /* Build configuration list for PBXNativeTarget "Shuffle-itTests" */;
			buildPhases = (
				610860831BE69B1600E48860 /* Sources */,
				610860841BE69B1600E48860 /* Frameworks */,
				610860851BE69B1600E48860 /* Resources */,
			);
			buildRules = (
			);
			dependencies = (
				610860891BE69B1600E48860 /* PBXTargetDependency */,
			);
			name = "Shuffle-itTests";
			productName = "Shuffle-itTests";
			productReference = 610860871BE69B1600E48860 /* Shuffle-itTests.xctest */;
			productType = "com.apple.product-type.bundle.unit-test";
		};
		610860911BE69B1600E48860 /* Shuffle-itUITests */ = {
			isa = PBXNativeTarget;
			buildConfigurationList = 610860A11BE69B1600E48860 /* Build configuration list for PBXNativeTarget "Shuffle-itUITests" */;
			buildPhases = (
				6108608E1BE69B1600E48860 /* Sources */,
				6108608F1BE69B1600E48860 /* Frameworks */,
				610860901BE69B1600E48860 /* Resources */,
			);
			buildRules = (
			);
			dependencies = (
				610860941BE69B1600E48860 /* PBXTargetDependency */,
			);
			name = "Shuffle-itUITests";
			productName = "Shuffle-itUITests";
			productReference = 610860921BE69B1600E48860 /* Shuffle-itUITests.xctest */;
			productType = "com.apple.product-type.bundle.ui-testing";
		};
/* End PBXNativeTarget section */

/* Begin PBXProject section */
		610860681BE69B1600E48860 /* Project object */ = {
			isa = PBXProject;
			attributes = {
				LastSwiftUpdateCheck = 0710;
				LastUpgradeCheck = 0710;
				ORGANIZATIONNAME = "Andrea Gines";
				TargetAttributes = {
					6108606F1BE69B1600E48860 = {
						CreatedOnToolsVersion = 7.1;
						DevelopmentTeam = 27PQ8G2Y66;
					};
					610860861BE69B1600E48860 = {
						CreatedOnToolsVersion = 7.1;
						DevelopmentTeam = 27PQ8G2Y66;
						TestTargetID = 6108606F1BE69B1600E48860;
					};
					610860911BE69B1600E48860 = {
						CreatedOnToolsVersion = 7.1;
						DevelopmentTeam = 27PQ8G2Y66;
						TestTargetID = 6108606F1BE69B1600E48860;
					};
				};
			};
			buildConfigurationList = 6108606B1BE69B1600E48860 /* Build configuration list for PBXProject "Shuffle-it" */;
			compatibilityVersion = "Xcode 3.2";
			developmentRegion = English;
			hasScannedForEncodings = 0;
			knownRegions = (
				en,
				Base,
			);
			mainGroup = 610860671BE69B1600E48860;
			productRefGroup = 610860711BE69B1600E48860 /* Products */;
			projectDirPath = "";
			projectRoot = "";
			targets = (
				6108606F1BE69B1600E48860 /* Shuffle-it */,
				610860861BE69B1600E48860 /* Shuffle-itTests */,
				610860911BE69B1600E48860 /* Shuffle-itUITests */,
			);
		};
/* End PBXProject section */

/* Begin PBXResourcesBuildPhase section */
		6108606E1BE69B1600E48860 /* Resources */ = {
			isa = PBXResourcesBuildPhase;
			buildActionMask = 2147483647;
			files = (
				610860811BE69B1600E48860 /* LaunchScreen.storyboard in Resources */,
				6108607E1BE69B1600E48860 /* Assets.xcassets in Resources */,
				610860791BE69B1600E48860 /* Main.storyboard in Resources */,
			);
			runOnlyForDeploymentPostprocessing = 0;
		};
		610860851BE69B1600E48860 /* Resources */ = {
			isa = PBXResourcesBuildPhase;
			buildActionMask = 2147483647;
			files = (
			);
			runOnlyForDeploymentPostprocessing = 0;
		};
		610860901BE69B1600E48860 /* Resources */ = {
			isa = PBXResourcesBuildPhase;
			buildActionMask = 2147483647;
			files = (
			);
			runOnlyForDeploymentPostprocessing = 0;
		};
/* End PBXResourcesBuildPhase section */

/* Begin PBXSourcesBuildPhase section */
		6108606C1BE69B1600E48860 /* Sources */ = {
			isa = PBXSourcesBuildPhase;
			buildActionMask = 2147483647;
			files = (
				610860761BE69B1600E48860 /* ViewController.swift in Sources */,
				610860741BE69B1600E48860 /* AppDelegate.swift in Sources */,
				6108607C1BE69B1600E48860 /* Shuffle_it.xcdatamodeld in Sources */,
			);
			runOnlyForDeploymentPostprocessing = 0;
		};
		610860831BE69B1600E48860 /* Sources */ = {
			isa = PBXSourcesBuildPhase;
			buildActionMask = 2147483647;
			files = (
				6108608C1BE69B1600E48860 /* Shuffle_itTests.swift in Sources */,
			);
			runOnlyForDeploymentPostprocessing = 0;
		};
		6108608E1BE69B1600E48860 /* Sources */ = {
			isa = PBXSourcesBuildPhase;
			buildActionMask = 2147483647;
			files = (
				610860971BE69B1600E48860 /* Shuffle_itUITests.swift in Sources */,
			);
			runOnlyForDeploymentPostprocessing = 0;
		};
/* End PBXSourcesBuildPhase section */

/* Begin PBXTargetDependency section */
		610860891BE69B1600E48860 /* PBXTargetDependency */ = {
			isa = PBXTargetDependency;
			target = 6108606F1BE69B1600E48860 /* Shuffle-it */;
			targetProxy = 610860881BE69B1600E48860 /* PBXContainerItemProxy */;
		};
		610860941BE69B1600E48860 /* PBXTargetDependency */ = {
			isa = PBXTargetDependency;
			target = 6108606F1BE69B1600E48860 /* Shuffle-it */;
			targetProxy = 610860931BE69B1600E48860 /* PBXContainerItemProxy */;
		};
/* End PBXTargetDependency section */

/* Begin PBXVariantGroup section */
		610860771BE69B1600E48860 /* Main.storyboard */ = {
			isa = PBXVariantGroup;
			children = (
				610860781BE69B1600E48860 /* Base */,
			);
			name = Main.storyboard;
			sourceTree = "<group>";
		};
		6108607F1BE69B1600E48860 /* LaunchScreen.storyboard */ = {
			isa = PBXVariantGroup;
			children = (
				610860801BE69B1600E48860 /* Base */,
			);
			name = LaunchScreen.storyboard;
			sourceTree = "<group>";
		};
/* End PBXVariantGroup section */

/* Begin XCBuildConfiguration section */
		610860991BE69B1600E48860 /* Debug */ = {
			isa = XCBuildConfiguration;
			buildSettings = {
				ALWAYS_SEARCH_USER_PATHS = NO;
				CLANG_CXX_LANGUAGE_STANDARD = "gnu++0x";
				CLANG_CXX_LIBRARY = "libc++";
				CLANG_ENABLE_MODULES = YES;
				CLANG_ENABLE_OBJC_ARC = YES;
				CLANG_WARN_BOOL_CONVERSION = YES;
				CLANG_WARN_CONSTANT_CONVERSION = YES;
				CLANG_WARN_DIRECT_OBJC_ISA_USAGE = YES_ERROR;
				CLANG_WARN_EMPTY_BODY = YES;
				CLANG_WARN_ENUM_CONVERSION = YES;
				CLANG_WARN_INT_CONVERSION = YES;
				CLANG_WARN_OBJC_ROOT_CLASS = YES_ERROR;
				CLANG_WARN_UNREACHABLE_CODE = YES;
				CLANG_WARN__DUPLICATE_METHOD_MATCH = YES;
				"CODE_SIGN_IDENTITY[sdk=iphoneos*]" = "iPhone Developer";
				COPY_PHASE_STRIP = NO;
				DEBUG_INFORMATION_FORMAT = dwarf;
				ENABLE_STRICT_OBJC_MSGSEND = YES;
				ENABLE_TESTABILITY = YES;
				GCC_C_LANGUAGE_STANDARD = gnu99;
				GCC_DYNAMIC_NO_PIC = NO;
				GCC_NO_COMMON_BLOCKS = YES;
				GCC_OPTIMIZATION_LEVEL = 0;
				GCC_PREPROCESSOR_DEFINITIONS = (
					"DEBUG=1",
					"$(inherited)",
				);
				GCC_WARN_64_TO_32_BIT_CONVERSION = YES;
				GCC_WARN_ABOUT_RETURN_TYPE = YES_ERROR;
				GCC_WARN_UNDECLARED_SELECTOR = YES;
				GCC_WARN_UNINITIALIZED_AUTOS = YES_AGGRESSIVE;
				GCC_WARN_UNUSED_FUNCTION = YES;
				GCC_WARN_UNUSED_VARIABLE = YES;
				IPHONEOS_DEPLOYMENT_TARGET = 9.1;
				MTL_ENABLE_DEBUG_INFO = YES;
				ONLY_ACTIVE_ARCH = YES;
				SDKROOT = iphoneos;
				SWIFT_OPTIMIZATION_LEVEL = "-Onone";
				TARGETED_DEVICE_FAMILY = "1,2";
			};
			name = Debug;
		};
		6108609A1BE69B1600E48860 /* Release */ = {
			isa = XCBuildConfiguration;
			buildSettings = {
				ALWAYS_SEARCH_USER_PATHS = NO;
				CLANG_CXX_LANGUAGE_STANDARD = "gnu++0x";
				CLANG_CXX_LIBRARY = "libc++";
				CLANG_ENABLE_MODULES = YES;
				CLANG_ENABLE_OBJC_ARC = YES;
				CLANG_WARN_BOOL_CONVERSION = YES;
				CLANG_WARN_CONSTANT_CONVERSION = YES;
				CLANG_WARN_DIRECT_OBJC_ISA_USAGE = YES_ERROR;
				CLANG_WARN_EMPTY_BODY = YES;
				CLANG_WARN_ENUM_CONVERSION = YES;
				CLANG_WARN_INT_CONVERSION = YES;
				CLANG_WARN_OBJC_ROOT_CLASS = YES_ERROR;
				CLANG_WARN_UNREACHABLE_CODE = YES;
				CLANG_WARN__DUPLICATE_METHOD_MATCH = YES;
				"CODE_SIGN_IDENTITY[sdk=iphoneos*]" = "iPhone Developer";
				COPY_PHASE_STRIP = NO;
				DEBUG_INFORMATION_FORMAT = "dwarf-with-dsym";
				ENABLE_NS_ASSERTIONS = NO;
				ENABLE_STRICT_OBJC_MSGSEND = YES;
				GCC_C_LANGUAGE_STANDARD = gnu99;
				GCC_NO_COMMON_BLOCKS = YES;
				GCC_WARN_64_TO_32_BIT_CONVERSION = YES;
				GCC_WARN_ABOUT_RETURN_TYPE = YES_ERROR;
				GCC_WARN_UNDECLARED_SELECTOR = YES;
				GCC_WARN_UNINITIALIZED_AUTOS = YES_AGGRESSIVE;
				GCC_WARN_UNUSED_FUNCTION = YES;
				GCC_WARN_UNUSED_VARIABLE = YES;
				IPHONEOS_DEPLOYMENT_TARGET = 9.1;
				MTL_ENABLE_DEBUG_INFO = NO;
				SDKROOT = iphoneos;
				TARGETED_DEVICE_FAMILY = "1,2";
				VALIDATE_PRODUCT = YES;
			};
			name = Release;
		};
		6108609C1BE69B1600E48860 /* Debug */ = {
			isa = XCBuildConfiguration;
			buildSettings = {
				ASSETCATALOG_COMPILER_APPICON_NAME = AppIcon;
				INFOPLIST_FILE = "Shuffle-it/Info.plist";
				LD_RUNPATH_SEARCH_PATHS = "$(inherited) @executable_path/Frameworks";
				PRODUCT_BUNDLE_IDENTIFIER = "com.andreagines.Shuffle-it";
				PRODUCT_NAME = "$(TARGET_NAME)";
			};
			name = Debug;
		};
		6108609D1BE69B1600E48860 /* Release */ = {
			isa = XCBuildConfiguration;
			buildSettings = {
				ASSETCATALOG_COMPILER_APPICON_NAME = AppIcon;
				INFOPLIST_FILE = "Shuffle-it/Info.plist";
				LD_RUNPATH_SEARCH_PATHS = "$(inherited) @executable_path/Frameworks";
				PRODUCT_BUNDLE_IDENTIFIER = "com.andreagines.Shuffle-it";
				PRODUCT_NAME = "$(TARGET_NAME)";
			};
			name = Release;
		};
		6108609F1BE69B1600E48860 /* Debug */ = {
			isa = XCBuildConfiguration;
			buildSettings = {
				BUNDLE_LOADER = "$(TEST_HOST)";
				INFOPLIST_FILE = "Shuffle-itTests/Info.plist";
				LD_RUNPATH_SEARCH_PATHS = "$(inherited) @executable_path/Frameworks @loader_path/Frameworks";
				PRODUCT_BUNDLE_IDENTIFIER = "com.andreagines.Shuffle-itTests";
				PRODUCT_NAME = "$(TARGET_NAME)";
				TEST_HOST = "$(BUILT_PRODUCTS_DIR)/Shuffle-it.app/Shuffle-it";
			};
			name = Debug;
		};
		610860A01BE69B1600E48860 /* Release */ = {
			isa = XCBuildConfiguration;
			buildSettings = {
				BUNDLE_LOADER = "$(TEST_HOST)";
				INFOPLIST_FILE = "Shuffle-itTests/Info.plist";
				LD_RUNPATH_SEARCH_PATHS = "$(inherited) @executable_path/Frameworks @loader_path/Frameworks";
				PRODUCT_BUNDLE_IDENTIFIER = "com.andreagines.Shuffle-itTests";
				PRODUCT_NAME = "$(TARGET_NAME)";
				TEST_HOST = "$(BUILT_PRODUCTS_DIR)/Shuffle-it.app/Shuffle-it";
			};
			name = Release;
		};
		610860A21BE69B1600E48860 /* Debug */ = {
			isa = XCBuildConfiguration;
			buildSettings = {
				INFOPLIST_FILE = "Shuffle-itUITests/Info.plist";
				LD_RUNPATH_SEARCH_PATHS = "$(inherited) @executable_path/Frameworks @loader_path/Frameworks";
				PRODUCT_BUNDLE_IDENTIFIER = "com.andreagines.Shuffle-itUITests";
				PRODUCT_NAME = "$(TARGET_NAME)";
				TEST_TARGET_NAME = "Shuffle-it";
				USES_XCTRUNNER = YES;
			};
			name = Debug;
		};
		610860A31BE69B1600E48860 /* Release */ = {
			isa = XCBuildConfiguration;
			buildSettings = {
				INFOPLIST_FILE = "Shuffle-itUITests/Info.plist";
				LD_RUNPATH_SEARCH_PATHS = "$(inherited) @executable_path/Frameworks @loader_path/Frameworks";
				PRODUCT_BUNDLE_IDENTIFIER = "com.andreagines.Shuffle-itUITests";
				PRODUCT_NAME = "$(TARGET_NAME)";
				TEST_TARGET_NAME = "Shuffle-it";
				USES_XCTRUNNER = YES;
			};
			name = Release;
		};
/* End XCBuildConfiguration section */

/* Begin XCConfigurationList section */
		6108606B1BE69B1600E48860 /* Build configuration list for PBXProject "Shuffle-it" */ = {
			isa = XCConfigurationList;
			buildConfigurations = (
				610860991BE69B1600E48860 /* Debug */,
				6108609A1BE69B1600E48860 /* Release */,
			);
			defaultConfigurationIsVisible = 0;
			defaultConfigurationName = Release;
		};
		6108609B1BE69B1600E48860 /* Build configuration list for PBXNativeTarget "Shuffle-it" */ = {
			isa = XCConfigurationList;
			buildConfigurations = (
				6108609C1BE69B1600E48860 /* Debug */,
				6108609D1BE69B1600E48860 /* Release */,
			);
			defaultConfigurationIsVisible = 0;
		};
		6108609E1BE69B1600E48860 /* Build configuration list for PBXNativeTarget "Shuffle-itTests" */ = {
			isa = XCConfigurationList;
			buildConfigurations = (
				6108609F1BE69B1600E48860 /* Debug */,
				610860A01BE69B1600E48860 /* Release */,
			);
			defaultConfigurationIsVisible = 0;
		};
		610860A11BE69B1600E48860 /* Build configuration list for PBXNativeTarget "Shuffle-itUITests" */ = {
			isa = XCConfigurationList;
			buildConfigurations = (
				610860A21BE69B1600E48860 /* Debug */,
				610860A31BE69B1600E48860 /* Release */,
			);
			defaultConfigurationIsVisible = 0;
		};
/* End XCConfigurationList section */

/* Begin XCVersionGroup section */
		6108607A1BE69B1600E48860 /* Shuffle_it.xcdatamodeld */ = {
			isa = XCVersionGroup;
			children = (
				6108607B1BE69B1600E48860 /* Shuffle_it.xcdatamodel */,
			);
			currentVersion = 6108607B1BE69B1600E48860 /* Shuffle_it.xcdatamodel */;
			path = Shuffle_it.xcdatamodeld;
			sourceTree = "<group>";
			versionGroupType = wrapper.xcdatamodel;
		};
/* End XCVersionGroup section */
	};
	rootObject = 610860681BE69B1600E48860 /* Project object */;
}
